// !$*UTF8*$!
{
	archiveVersion = 1;
	classes = {
	};
	objectVersion = 50;
	objects = {

/* Begin PBXBuildFile section */
		9C53F42222AB441300984455 /* AppDelegate.swift in Sources */ = {isa = PBXBuildFile; fileRef = 9C53F42122AB441300984455 /* AppDelegate.swift */; };
		9C53F42422AB441300984455 /* ViewController.swift in Sources */ = {isa = PBXBuildFile; fileRef = 9C53F42322AB441300984455 /* ViewController.swift */; };
		9C53F42722AB441300984455 /* Main.storyboard in Resources */ = {isa = PBXBuildFile; fileRef = 9C53F42522AB441300984455 /* Main.storyboard */; };
		9C53F42922AB441500984455 /* Assets.xcassets in Resources */ = {isa = PBXBuildFile; fileRef = 9C53F42822AB441500984455 /* Assets.xcassets */; };
		9C53F42C22AB441500984455 /* LaunchScreen.storyboard in Resources */ = {isa = PBXBuildFile; fileRef = 9C53F42A22AB441500984455 /* LaunchScreen.storyboard */; };
		9C53F43522AB504900984455 /* UIColor+LHExtension.swift in Sources */ = {isa = PBXBuildFile; fileRef = 9C53F43422AB504900984455 /* UIColor+LHExtension.swift */; };
		9C53F43722AB507300984455 /* UIView+LHExtension.swift in Sources */ = {isa = PBXBuildFile; fileRef = 9C53F43622AB507300984455 /* UIView+LHExtension.swift */; };
		9C53F43922AB509D00984455 /* String+LHExtension.swift in Sources */ = {isa = PBXBuildFile; fileRef = 9C53F43822AB509D00984455 /* String+LHExtension.swift */; };
		9C53F44522AB5A9C00984455 /* LHTableViewCell.swift in Sources */ = {isa = PBXBuildFile; fileRef = 9C53F44422AB5A9C00984455 /* LHTableViewCell.swift */; };
		9C53F44722AB5AAC00984455 /* LHCollectionViewCell.swift in Sources */ = {isa = PBXBuildFile; fileRef = 9C53F44622AB5AAC00984455 /* LHCollectionViewCell.swift */; };
		9C53F44922AB5AB700984455 /* LHViewController.swift in Sources */ = {isa = PBXBuildFile; fileRef = 9C53F44822AB5AB700984455 /* LHViewController.swift */; };
		9C53F44B22AB5AC200984455 /* LHTableViewController.swift in Sources */ = {isa = PBXBuildFile; fileRef = 9C53F44A22AB5AC200984455 /* LHTableViewController.swift */; };
		9C53F44D22AB5AE000984455 /* LHNavigationController.swift in Sources */ = {isa = PBXBuildFile; fileRef = 9C53F44C22AB5AE000984455 /* LHNavigationController.swift */; };
		9C53F44F22AB5B0500984455 /* LHButton.swift in Sources */ = {isa = PBXBuildFile; fileRef = 9C53F44E22AB5B0500984455 /* LHButton.swift */; };
		9C53F45122AB5B2500984455 /* LHLabel.swift in Sources */ = {isa = PBXBuildFile; fileRef = 9C53F45022AB5B2500984455 /* LHLabel.swift */; };
		9C53F45322AB9BE400984455 /* LHView.swift in Sources */ = {isa = PBXBuildFile; fileRef = 9C53F45222AB9BE400984455 /* LHView.swift */; };
		9C53F45522AB9BF100984455 /* LHContainerView.swift in Sources */ = {isa = PBXBuildFile; fileRef = 9C53F45422AB9BF100984455 /* LHContainerView.swift */; };
/* End PBXBuildFile section */

/* Begin PBXFileReference section */
		9C53F41E22AB441300984455 /* LHComputerSicence.app */ = {isa = PBXFileReference; explicitFileType = wrapper.application; includeInIndex = 0; path = LHComputerSicence.app; sourceTree = BUILT_PRODUCTS_DIR; };
		9C53F42122AB441300984455 /* AppDelegate.swift */ = {isa = PBXFileReference; lastKnownFileType = sourcecode.swift; path = AppDelegate.swift; sourceTree = "<group>"; };
		9C53F42322AB441300984455 /* ViewController.swift */ = {isa = PBXFileReference; lastKnownFileType = sourcecode.swift; path = ViewController.swift; sourceTree = "<group>"; };
		9C53F42622AB441300984455 /* Base */ = {isa = PBXFileReference; lastKnownFileType = file.storyboard; name = Base; path = Base.lproj/Main.storyboard; sourceTree = "<group>"; };
		9C53F42822AB441500984455 /* Assets.xcassets */ = {isa = PBXFileReference; lastKnownFileType = folder.assetcatalog; path = Assets.xcassets; sourceTree = "<group>"; };
		9C53F42B22AB441500984455 /* Base */ = {isa = PBXFileReference; lastKnownFileType = file.storyboard; name = Base; path = Base.lproj/LaunchScreen.storyboard; sourceTree = "<group>"; };
		9C53F42D22AB441500984455 /* Info.plist */ = {isa = PBXFileReference; lastKnownFileType = text.plist.xml; path = Info.plist; sourceTree = "<group>"; };
		9C53F43422AB504900984455 /* UIColor+LHExtension.swift */ = {isa = PBXFileReference; lastKnownFileType = sourcecode.swift; path = "UIColor+LHExtension.swift"; sourceTree = "<group>"; };
		9C53F43622AB507300984455 /* UIView+LHExtension.swift */ = {isa = PBXFileReference; lastKnownFileType = sourcecode.swift; path = "UIView+LHExtension.swift"; sourceTree = "<group>"; };
		9C53F43822AB509D00984455 /* String+LHExtension.swift */ = {isa = PBXFileReference; lastKnownFileType = sourcecode.swift; path = "String+LHExtension.swift"; sourceTree = "<group>"; };
		9C53F44422AB5A9C00984455 /* LHTableViewCell.swift */ = {isa = PBXFileReference; lastKnownFileType = sourcecode.swift; path = LHTableViewCell.swift; sourceTree = "<group>"; };
		9C53F44622AB5AAC00984455 /* LHCollectionViewCell.swift */ = {isa = PBXFileReference; lastKnownFileType = sourcecode.swift; path = LHCollectionViewCell.swift; sourceTree = "<group>"; };
		9C53F44822AB5AB700984455 /* LHViewController.swift */ = {isa = PBXFileReference; lastKnownFileType = sourcecode.swift; path = LHViewController.swift; sourceTree = "<group>"; };
		9C53F44A22AB5AC200984455 /* LHTableViewController.swift */ = {isa = PBXFileReference; lastKnownFileType = sourcecode.swift; path = LHTableViewController.swift; sourceTree = "<group>"; };
		9C53F44C22AB5AE000984455 /* LHNavigationController.swift */ = {isa = PBXFileReference; lastKnownFileType = sourcecode.swift; path = LHNavigationController.swift; sourceTree = "<group>"; };
		9C53F44E22AB5B0500984455 /* LHButton.swift */ = {isa = PBXFileReference; lastKnownFileType = sourcecode.swift; path = LHButton.swift; sourceTree = "<group>"; };
		9C53F45022AB5B2500984455 /* LHLabel.swift */ = {isa = PBXFileReference; lastKnownFileType = sourcecode.swift; path = LHLabel.swift; sourceTree = "<group>"; };
		9C53F45222AB9BE400984455 /* LHView.swift */ = {isa = PBXFileReference; lastKnownFileType = sourcecode.swift; path = LHView.swift; sourceTree = "<group>"; };
		9C53F45422AB9BF100984455 /* LHContainerView.swift */ = {isa = PBXFileReference; lastKnownFileType = sourcecode.swift; path = LHContainerView.swift; sourceTree = "<group>"; };
/* End PBXFileReference section */

/* Begin PBXFrameworksBuildPhase section */
		9C53F41B22AB441300984455 /* Frameworks */ = {
			isa = PBXFrameworksBuildPhase;
			buildActionMask = 2147483647;
			files = (
			);
			runOnlyForDeploymentPostprocessing = 0;
		};
/* End PBXFrameworksBuildPhase section */

/* Begin PBXGroup section */
		9C53F41522AB441300984455 = {
			isa = PBXGroup;
			children = (
				9C53F42022AB441300984455 /* LHComputerSicence */,
				9C53F41F22AB441300984455 /* Products */,
			);
			sourceTree = "<group>";
		};
		9C53F41F22AB441300984455 /* Products */ = {
			isa = PBXGroup;
			children = (
				9C53F41E22AB441300984455 /* LHComputerSicence.app */,
			);
			name = Products;
			sourceTree = "<group>";
		};
		9C53F42022AB441300984455 /* LHComputerSicence */ = {
			isa = PBXGroup;
			children = (
				9C53F43322AB500C00984455 /* General */,
				9C53F42122AB441300984455 /* AppDelegate.swift */,
				9C53F42322AB441300984455 /* ViewController.swift */,
				9C53F42522AB441300984455 /* Main.storyboard */,
				9C53F42822AB441500984455 /* Assets.xcassets */,
				9C53F42A22AB441500984455 /* LaunchScreen.storyboard */,
				9C53F42D22AB441500984455 /* Info.plist */,
			);
			path = LHComputerSicence;
			sourceTree = "<group>";
		};
		9C53F43322AB500C00984455 /* General */ = {
			isa = PBXGroup;
			children = (
				9C53F45622AB9C4200984455 /* Settings */,
				9C53F44322AB521900984455 /* BaseUI */,
				9C53F44222AB520900984455 /* Extensions */,
			);
			path = General;
			sourceTree = "<group>";
		};
		9C53F44222AB520900984455 /* Extensions */ = {
			isa = PBXGroup;
			children = (
				9C53F43422AB504900984455 /* UIColor+LHExtension.swift */,
				9C53F43622AB507300984455 /* UIView+LHExtension.swift */,
				9C53F43822AB509D00984455 /* String+LHExtension.swift */,
			);
			path = Extensions;
			sourceTree = "<group>";
		};
		9C53F44322AB521900984455 /* BaseUI */ = {
			isa = PBXGroup;
			children = (
				9C53F44422AB5A9C00984455 /* LHTableViewCell.swift */,
				9C53F44622AB5AAC00984455 /* LHCollectionViewCell.swift */,
				9C53F44822AB5AB700984455 /* LHViewController.swift */,
				9C53F44A22AB5AC200984455 /* LHTableViewController.swift */,
				9C53F44C22AB5AE000984455 /* LHNavigationController.swift */,
				9C53F44E22AB5B0500984455 /* LHButton.swift */,
				9C53F45022AB5B2500984455 /* LHLabel.swift */,
				9C53F45222AB9BE400984455 /* LHView.swift */,
				9C53F45422AB9BF100984455 /* LHContainerView.swift */,
			);
			path = BaseUI;
			sourceTree = "<group>";
		};
		9C53F45622AB9C4200984455 /* Settings */ = {
			isa = PBXGroup;
			children = (
			);
			path = Settings;
			sourceTree = "<group>";
		};
/* End PBXGroup section */

/* Begin PBXNativeTarget section */
		9C53F41D22AB441300984455 /* LHComputerSicence */ = {
			isa = PBXNativeTarget;
			buildConfigurationList = 9C53F43022AB441500984455 /* Build configuration list for PBXNativeTarget "LHComputerSicence" */;
			buildPhases = (
				9C53F41A22AB441300984455 /* Sources */,
				9C53F41B22AB441300984455 /* Frameworks */,
				9C53F41C22AB441300984455 /* Resources */,
			);
			buildRules = (
			);
			dependencies = (
			);
			name = LHComputerSicence;
			productName = LHComputerSicence;
			productReference = 9C53F41E22AB441300984455 /* LHComputerSicence.app */;
			productType = "com.apple.product-type.application";
		};
/* End PBXNativeTarget section */

/* Begin PBXProject section */
		9C53F41622AB441300984455 /* Project object */ = {
			isa = PBXProject;
			attributes = {
				LastSwiftUpdateCheck = 1020;
				LastUpgradeCheck = 1020;
				ORGANIZATIONNAME = Lihux;
				TargetAttributes = {
					9C53F41D22AB441300984455 = {
						CreatedOnToolsVersion = 10.2.1;
					};
				};
			};
			buildConfigurationList = 9C53F41922AB441300984455 /* Build configuration list for PBXProject "LHComputerSicence" */;
			compatibilityVersion = "Xcode 9.3";
			developmentRegion = en;
			hasScannedForEncodings = 0;
			knownRegions = (
				en,
				Base,
			);
			mainGroup = 9C53F41522AB441300984455;
			productRefGroup = 9C53F41F22AB441300984455 /* Products */;
			projectDirPath = "";
			projectRoot = "";
			targets = (
				9C53F41D22AB441300984455 /* LHComputerSicence */,
			);
		};
/* End PBXProject section */

/* Begin PBXResourcesBuildPhase section */
		9C53F41C22AB441300984455 /* Resources */ = {
			isa = PBXResourcesBuildPhase;
			buildActionMask = 2147483647;
			files = (
				9C53F42C22AB441500984455 /* LaunchScreen.storyboard in Resources */,
				9C53F42922AB441500984455 /* Assets.xcassets in Resources */,
				9C53F42722AB441300984455 /* Main.storyboard in Resources */,
			);
			runOnlyForDeploymentPostprocessing = 0;
		};
/* End PBXResourcesBuildPhase section */

/* Begin PBXSourcesBuildPhase section */
		9C53F41A22AB441300984455 /* Sources */ = {
			isa = PBXSourcesBuildPhase;
			buildActionMask = 2147483647;
			files = (
				9C53F44922AB5AB700984455 /* LHViewController.swift in Sources */,
				9C53F43722AB507300984455 /* UIView+LHExtension.swift in Sources */,
				9C53F43522AB504900984455 /* UIColor+LHExtension.swift in Sources */,
				9C53F45322AB9BE400984455 /* LHView.swift in Sources */,
				9C53F44722AB5AAC00984455 /* LHCollectionViewCell.swift in Sources */,
				9C53F45122AB5B2500984455 /* LHLabel.swift in Sources */,
				9C53F44D22AB5AE000984455 /* LHNavigationController.swift in Sources */,
				9C53F43922AB509D00984455 /* String+LHExtension.swift in Sources */,
				9C53F44B22AB5AC200984455 /* LHTableViewController.swift in Sources */,
				9C53F44522AB5A9C00984455 /* LHTableViewCell.swift in Sources */,
				9C53F42422AB441300984455 /* ViewController.swift in Sources */,
				9C53F44F22AB5B0500984455 /* LHButton.swift in Sources */,
				9C53F45522AB9BF100984455 /* LHContainerView.swift in Sources */,
				9C53F42222AB441300984455 /* AppDelegate.swift in Sources */,
			);
			runOnlyForDeploymentPostprocessing = 0;
		};
/* End PBXSourcesBuildPhase section */

/* Begin PBXVariantGroup section */
		9C53F42522AB441300984455 /* Main.storyboard */ = {
			isa = PBXVariantGroup;
			children = (
				9C53F42622AB441300984455 /* Base */,
			);
			name = Main.storyboard;
			sourceTree = "<group>";
		};
		9C53F42A22AB441500984455 /* LaunchScreen.storyboard */ = {
			isa = PBXVariantGroup;
			children = (
				9C53F42B22AB441500984455 /* Base */,
			);
			name = LaunchScreen.storyboard;
			sourceTree = "<group>";
		};
/* End PBXVariantGroup section */

/* Begin XCBuildConfiguration section */
		9C53F42E22AB441500984455 /* Debug */ = {
			isa = XCBuildConfiguration;
			buildSettings = {
				ALWAYS_SEARCH_USER_PATHS = NO;
				CLANG_ANALYZER_NONNULL = YES;
				CLANG_ANALYZER_NUMBER_OBJECT_CONVERSION = YES_AGGRESSIVE;
				CLANG_CXX_LANGUAGE_STANDARD = "gnu++14";
				CLANG_CXX_LIBRARY = "libc++";
				CLANG_ENABLE_MODULES = YES;
				CLANG_ENABLE_OBJC_ARC = YES;
				CLANG_ENABLE_OBJC_WEAK = YES;
				CLANG_WARN_BLOCK_CAPTURE_AUTORELEASING = YES;
				CLANG_WARN_BOOL_CONVERSION = YES;
				CLANG_WARN_COMMA = YES;
				CLANG_WARN_CONSTANT_CONVERSION = YES;
				CLANG_WARN_DEPRECATED_OBJC_IMPLEMENTATIONS = YES;
				CLANG_WARN_DIRECT_OBJC_ISA_USAGE = YES_ERROR;
				CLANG_WARN_DOCUMENTATION_COMMENTS = YES;
				CLANG_WARN_EMPTY_BODY = YES;
				CLANG_WARN_ENUM_CONVERSION = YES;
				CLANG_WARN_INFINITE_RECURSION = YES;
				CLANG_WARN_INT_CONVERSION = YES;
				CLANG_WARN_NON_LITERAL_NULL_CONVERSION = YES;
				CLANG_WARN_OBJC_IMPLICIT_RETAIN_SELF = YES;
				CLANG_WARN_OBJC_LITERAL_CONVERSION = YES;
				CLANG_WARN_OBJC_ROOT_CLASS = YES_ERROR;
				CLANG_WARN_RANGE_LOOP_ANALYSIS = YES;
				CLANG_WARN_STRICT_PROTOTYPES = YES;
				CLANG_WARN_SUSPICIOUS_MOVE = YES;
				CLANG_WARN_UNGUARDED_AVAILABILITY = YES_AGGRESSIVE;
				CLANG_WARN_UNREACHABLE_CODE = YES;
				CLANG_WARN__DUPLICATE_METHOD_MATCH = YES;
				CODE_SIGN_IDENTITY = "iPhone Developer";
				COPY_PHASE_STRIP = NO;
				DEBUG_INFORMATION_FORMAT = dwarf;
				ENABLE_STRICT_OBJC_MSGSEND = YES;
				ENABLE_TESTABILITY = YES;
				GCC_C_LANGUAGE_STANDARD = gnu11;
				GCC_DYNAMIC_NO_PIC = NO;
				GCC_NO_COMMON_BLOCKS = YES;
				GCC_OPTIMIZATION_LEVEL = 0;
				GCC_PREPROCESSOR_DEFINITIONS = (
					"DEBUG=1",
					"$(inherited)",
				);
				GCC_WARN_64_TO_32_BIT_CONVERSION = YES;
				GCC_WARN_ABOUT_RETURN_TYPE = YES_ERROR;
				GCC_WARN_UNDECLARED_SELECTOR = YES;
				GCC_WARN_UNINITIALIZED_AUTOS = YES_AGGRESSIVE;
				GCC_WARN_UNUSED_FUNCTION = YES;
				GCC_WARN_UNUSED_VARIABLE = YES;
				IPHONEOS_DEPLOYMENT_TARGET = 12.2;
				MTL_ENABLE_DEBUG_INFO = INCLUDE_SOURCE;
				MTL_FAST_MATH = YES;
				ONLY_ACTIVE_ARCH = YES;
				SDKROOT = iphoneos;
				SWIFT_ACTIVE_COMPILATION_CONDITIONS = DEBUG;
				SWIFT_OPTIMIZATION_LEVEL = "-Onone";
			};
			name = Debug;
		};
		9C53F42F22AB441500984455 /* Release */ = {
			isa = XCBuildConfiguration;
			buildSettings = {
				ALWAYS_SEARCH_USER_PATHS = NO;
				CLANG_ANALYZER_NONNULL = YES;
				CLANG_ANALYZER_NUMBER_OBJECT_CONVERSION = YES_AGGRESSIVE;
				CLANG_CXX_LANGUAGE_STANDARD = "gnu++14";
				CLANG_CXX_LIBRARY = "libc++";
				CLANG_ENABLE_MODULES = YES;
				CLANG_ENABLE_OBJC_ARC = YES;
				CLANG_ENABLE_OBJC_WEAK = YES;
				CLANG_WARN_BLOCK_CAPTURE_AUTORELEASING = YES;
				CLANG_WARN_BOOL_CONVERSION = YES;
				CLANG_WARN_COMMA = YES;
				CLANG_WARN_CONSTANT_CONVERSION = YES;
				CLANG_WARN_DEPRECATED_OBJC_IMPLEMENTATIONS = YES;
				CLANG_WARN_DIRECT_OBJC_ISA_USAGE = YES_ERROR;
				CLANG_WARN_DOCUMENTATION_COMMENTS = YES;
				CLANG_WARN_EMPTY_BODY = YES;
				CLANG_WARN_ENUM_CONVERSION = YES;
				CLANG_WARN_INFINITE_RECURSION = YES;
				CLANG_WARN_INT_CONVERSION = YES;
				CLANG_WARN_NON_LITERAL_NULL_CONVERSION = YES;
				CLANG_WARN_OBJC_IMPLICIT_RETAIN_SELF = YES;
				CLANG_WARN_OBJC_LITERAL_CONVERSION = YES;
				CLANG_WARN_OBJC_ROOT_CLASS = YES_ERROR;
				CLANG_WARN_RANGE_LOOP_ANALYSIS = YES;
				CLANG_WARN_STRICT_PROTOTYPES = YES;
				CLANG_WARN_SUSPICIOUS_MOVE = YES;
				CLANG_WARN_UNGUARDED_AVAILABILITY = YES_AGGRESSIVE;
				CLANG_WARN_UNREACHABLE_CODE = YES;
				CLANG_WARN__DUPLICATE_METHOD_MATCH = YES;
				CODE_SIGN_IDENTITY = "iPhone Developer";
				COPY_PHASE_STRIP = NO;
				DEBUG_INFORMATION_FORMAT = "dwarf-with-dsym";
				ENABLE_NS_ASSERTIONS = NO;
				ENABLE_STRICT_OBJC_MSGSEND = YES;
				GCC_C_LANGUAGE_STANDARD = gnu11;
				GCC_NO_COMMON_BLOCKS = YES;
				GCC_WARN_64_TO_32_BIT_CONVERSION = YES;
				GCC_WARN_ABOUT_RETURN_TYPE = YES_ERROR;
				GCC_WARN_UNDECLARED_SELECTOR = YES;
				GCC_WARN_UNINITIALIZED_AUTOS = YES_AGGRESSIVE;
				GCC_WARN_UNUSED_FUNCTION = YES;
				GCC_WARN_UNUSED_VARIABLE = YES;
				IPHONEOS_DEPLOYMENT_TARGET = 12.2;
				MTL_ENABLE_DEBUG_INFO = NO;
				MTL_FAST_MATH = YES;
				SDKROOT = iphoneos;
				SWIFT_COMPILATION_MODE = wholemodule;
				SWIFT_OPTIMIZATION_LEVEL = "-O";
				VALIDATE_PRODUCT = YES;
			};
			name = Release;
		};
		9C53F43122AB441500984455 /* Debug */ = {
			isa = XCBuildConfiguration;
			buildSettings = {
				ASSETCATALOG_COMPILER_APPICON_NAME = AppIcon;
				CODE_SIGN_STYLE = Automatic;
				DEVELOPMENT_TEAM = 6Z988AT8PK;
				INFOPLIST_FILE = LHComputerSicence/Info.plist;
				LD_RUNPATH_SEARCH_PATHS = (
					"$(inherited)",
					"@executable_path/Frameworks",
				);
				PRODUCT_BUNDLE_IDENTIFIER = me.lihux.ios.LHComputerSicence;
				PRODUCT_NAME = "$(TARGET_NAME)";
				SWIFT_VERSION = 5.0;
				TARGETED_DEVICE_FAMILY = "1,2";
			};
			name = Debug;
		};
		9C53F43222AB441500984455 /* Release */ = {
			isa = XCBuildConfiguration;
			buildSettings = {
				ASSETCATALOG_COMPILER_APPICON_NAME = AppIcon;
				CODE_SIGN_STYLE = Automatic;
				DEVELOPMENT_TEAM = 6Z988AT8PK;
				INFOPLIST_FILE = LHComputerSicence/Info.plist;
				LD_RUNPATH_SEARCH_PATHS = (
					"$(inherited)",
					"@executable_path/Frameworks",
				);
				PRODUCT_BUNDLE_IDENTIFIER = me.lihux.ios.LHComputerSicence;
				PRODUCT_NAME = "$(TARGET_NAME)";
				SWIFT_VERSION = 5.0;
				TARGETED_DEVICE_FAMILY = "1,2";
			};
			name = Release;
		};
/* End XCBuildConfiguration section */

/* Begin XCConfigurationList section */
		9C53F41922AB441300984455 /* Build configuration list for PBXProject "LHComputerSicence" */ = {
			isa = XCConfigurationList;
			buildConfigurations = (
				9C53F42E22AB441500984455 /* Debug */,
				9C53F42F22AB441500984455 /* Release */,
			);
			defaultConfigurationIsVisible = 0;
			defaultConfigurationName = Release;
		};
		9C53F43022AB441500984455 /* Build configuration list for PBXNativeTarget "LHComputerSicence" */ = {
			isa = XCConfigurationList;
			buildConfigurations = (
				9C53F43122AB441500984455 /* Debug */,
				9C53F43222AB441500984455 /* Release */,
			);
			defaultConfigurationIsVisible = 0;
			defaultConfigurationName = Release;
		};
/* End XCConfigurationList section */
	};
	rootObject = 9C53F41622AB441300984455 /* Project object */;
}
